[root]
name = "steven_blocks"
version = "0.0.1"
dependencies = [
 "cgmath 0.7.0 (registry+https://github.com/rust-lang/crates.io-index)",
 "collision 0.5.1 (git+https://github.com/csherratt/collision-rs?rev=f80825e)",
 "lazy_static 0.1.15 (registry+https://github.com/rust-lang/crates.io-index)",
 "steven_shared 0.0.1",
]

[[package]]
name = "cgmath"
version = "0.7.0"
source = "registry+https://github.com/rust-lang/crates.io-index"
dependencies = [
 "num 0.1.31 (registry+https://github.com/rust-lang/crates.io-index)",
 "rand 0.3.14 (registry+https://github.com/rust-lang/crates.io-index)",
 "rustc-serialize 0.3.18 (registry+https://github.com/rust-lang/crates.io-index)",
]

[[package]]
name = "collision"
version = "0.5.1"
source = "git+https://github.com/csherratt/collision-rs?rev=f80825e#f80825eca687ff1053ff492e54fa782944c9cf6b"
dependencies = [
 "cgmath 0.7.0 (registry+https://github.com/rust-lang/crates.io-index)",
 "num 0.1.31 (registry+https://github.com/rust-lang/crates.io-index)",
]

[[package]]
name = "lazy_static"
version = "0.1.15"
source = "registry+https://github.com/rust-lang/crates.io-index"

[[package]]
name = "libc"
version = "0.2.9"
source = "registry+https://github.com/rust-lang/crates.io-index"

[[package]]
name = "num"
version = "0.1.31"
source = "registry+https://github.com/rust-lang/crates.io-index"
dependencies = [
 "rand 0.3.14 (registry+https://github.com/rust-lang/crates.io-index)",
 "rustc-serialize 0.3.18 (registry+https://github.com/rust-lang/crates.io-index)",
]

[[package]]
name = "rand"
version = "0.3.14"
source = "registry+https://github.com/rust-lang/crates.io-index"
dependencies = [
 "libc 0.2.9 (registry+https://github.com/rust-lang/crates.io-index)",
]

[[package]]
name = "rustc-serialize"
version = "0.3.18"
source = "registry+https://github.com/rust-lang/crates.io-index"

[[package]]
name = "steven_shared"
version = "0.0.1"

